
Microsoft Visual Studio Solution File, Format Version 12.00
# Visual Studio 15
VisualStudioVersion = 15.0.28307.168
MinimumVisualStudioVersion = 10.0.40219.1
Project("{FAE04EC0-301F-11D3-BF4B-00C04F79EFBC}") = "Lesson_3", "Lesson_3\Lesson_3.csproj", "{532B2DB5-5883-4202-AEF8-B996B17DF12A}"
EndProject
Global
	GlobalSection(SolutionConfigurationPlatforms) = preSolution
		Debug|Any CPU = Debug|Any CPU
		Release|Any CPU = Release|Any CPU
	EndGlobalSection
	GlobalSection(ProjectConfigurationPlatforms) = postSolution
		{532B2DB5-5883-4202-AEF8-B996B17DF12A}.Debug|Any CPU.ActiveCfg = Debug|Any CPU
		{532B2DB5-5883-4202-AEF8-B996B17DF12A}.Debug|Any CPU.Build.0 = Debug|Any CPU
		{532B2DB5-5883-4202-AEF8-B996B17DF12A}.Release|Any CPU.ActiveCfg = Release|Any CPU
		{532B2DB5-5883-4202-AEF8-B996B17DF12A}.Release|Any CPU.Build.0 = Release|Any CPU
	EndGlobalSection
	GlobalSection(SolutionProperties) = preSolution
		HideSolutionNode = FALSE
	EndGlobalSection
	GlobalSection(ExtensibilityGlobals) = postSolution
		SolutionGuid = {3C271B91-4FF1-4B8D-97BD-805D07D55715}
	EndGlobalSection
EndGlobal
