
Microsoft Visual Studio Solution File, Format Version 12.00
# Visual Studio 15
VisualStudioVersion = 15.0.28307.168
MinimumVisualStudioVersion = 10.0.40219.1
Project("{FAE04EC0-301F-11D3-BF4B-00C04F79EFBC}") = "Lesson_2", "Lesson_2\Lesson_2.csproj", "{A6B1518D-479C-46E5-AB59-97F1A386636A}"
EndProject
Global
	GlobalSection(SolutionConfigurationPlatforms) = preSolution
		Debug|Any CPU = Debug|Any CPU
		Release|Any CPU = Release|Any CPU
	EndGlobalSection
	GlobalSection(ProjectConfigurationPlatforms) = postSolution
		{A6B1518D-479C-46E5-AB59-97F1A386636A}.Debug|Any CPU.ActiveCfg = Debug|Any CPU
		{A6B1518D-479C-46E5-AB59-97F1A386636A}.Debug|Any CPU.Build.0 = Debug|Any CPU
		{A6B1518D-479C-46E5-AB59-97F1A386636A}.Release|Any CPU.ActiveCfg = Release|Any CPU
		{A6B1518D-479C-46E5-AB59-97F1A386636A}.Release|Any CPU.Build.0 = Release|Any CPU
	EndGlobalSection
	GlobalSection(SolutionProperties) = preSolution
		HideSolutionNode = FALSE
	EndGlobalSection
	GlobalSection(ExtensibilityGlobals) = postSolution
		SolutionGuid = {15D1CFE3-3043-4882-A3AE-E3152C20C2F9}
	EndGlobalSection
EndGlobal
