
Microsoft Visual Studio Solution File, Format Version 12.00
# Visual Studio 15
VisualStudioVersion = 15.0.28307.136
MinimumVisualStudioVersion = 10.0.40219.1
Project("{FAE04EC0-301F-11D3-BF4B-00C04F79EFBC}") = "WpfApp1", "WpfApp1\WpfApp1.csproj", "{E3A54FBB-933D-4909-A7A5-CEE5131A3769}"
EndProject
Global
	GlobalSection(SolutionConfigurationPlatforms) = preSolution
		Debug|Any CPU = Debug|Any CPU
		Release|Any CPU = Release|Any CPU
	EndGlobalSection
	GlobalSection(ProjectConfigurationPlatforms) = postSolution
		{E3A54FBB-933D-4909-A7A5-CEE5131A3769}.Debug|Any CPU.ActiveCfg = Debug|Any CPU
		{E3A54FBB-933D-4909-A7A5-CEE5131A3769}.Debug|Any CPU.Build.0 = Debug|Any CPU
		{E3A54FBB-933D-4909-A7A5-CEE5131A3769}.Release|Any CPU.ActiveCfg = Release|Any CPU
		{E3A54FBB-933D-4909-A7A5-CEE5131A3769}.Release|Any CPU.Build.0 = Release|Any CPU
	EndGlobalSection
	GlobalSection(SolutionProperties) = preSolution
		HideSolutionNode = FALSE
	EndGlobalSection
	GlobalSection(ExtensibilityGlobals) = postSolution
		SolutionGuid = {C3D3C5B7-B8FE-4705-B127-381595E0C9F4}
	EndGlobalSection
EndGlobal
