
Microsoft Visual Studio Solution File, Format Version 12.00
# Visual Studio 15
VisualStudioVersion = 15.0.28307.271
MinimumVisualStudioVersion = 10.0.40219.1
Project("{FAE04EC0-301F-11D3-BF4B-00C04F79EFBC}") = "Lesson_6", "Lesson_6\Lesson_6.csproj", "{AA0F55F4-6AD1-4D5C-A5FD-46C15A9B11EA}"
EndProject
Global
	GlobalSection(SolutionConfigurationPlatforms) = preSolution
		Debug|Any CPU = Debug|Any CPU
		Release|Any CPU = Release|Any CPU
	EndGlobalSection
	GlobalSection(ProjectConfigurationPlatforms) = postSolution
		{AA0F55F4-6AD1-4D5C-A5FD-46C15A9B11EA}.Debug|Any CPU.ActiveCfg = Debug|Any CPU
		{AA0F55F4-6AD1-4D5C-A5FD-46C15A9B11EA}.Debug|Any CPU.Build.0 = Debug|Any CPU
		{AA0F55F4-6AD1-4D5C-A5FD-46C15A9B11EA}.Release|Any CPU.ActiveCfg = Release|Any CPU
		{AA0F55F4-6AD1-4D5C-A5FD-46C15A9B11EA}.Release|Any CPU.Build.0 = Release|Any CPU
	EndGlobalSection
	GlobalSection(SolutionProperties) = preSolution
		HideSolutionNode = FALSE
	EndGlobalSection
	GlobalSection(ExtensibilityGlobals) = postSolution
		SolutionGuid = {BD1DFE91-1288-4EFF-AE09-6EC8D633A12D}
	EndGlobalSection
EndGlobal
