
Microsoft Visual Studio Solution File, Format Version 12.00
# Visual Studio 15
VisualStudioVersion = 15.0.28307.421
MinimumVisualStudioVersion = 10.0.40219.1
Project("{FAE04EC0-301F-11D3-BF4B-00C04F79EFBC}") = "WpfTestMailSender", "WpfTestMailSender\WpfTestMailSender.csproj", "{BCE4F533-6BF0-4CDA-BAF8-F4F52FB5003D}"
EndProject
Global
	GlobalSection(SolutionConfigurationPlatforms) = preSolution
		Debug|Any CPU = Debug|Any CPU
		Release|Any CPU = Release|Any CPU
	EndGlobalSection
	GlobalSection(ProjectConfigurationPlatforms) = postSolution
		{BCE4F533-6BF0-4CDA-BAF8-F4F52FB5003D}.Debug|Any CPU.ActiveCfg = Debug|Any CPU
		{BCE4F533-6BF0-4CDA-BAF8-F4F52FB5003D}.Debug|Any CPU.Build.0 = Debug|Any CPU
		{BCE4F533-6BF0-4CDA-BAF8-F4F52FB5003D}.Release|Any CPU.ActiveCfg = Release|Any CPU
		{BCE4F533-6BF0-4CDA-BAF8-F4F52FB5003D}.Release|Any CPU.Build.0 = Release|Any CPU
	EndGlobalSection
	GlobalSection(SolutionProperties) = preSolution
		HideSolutionNode = FALSE
	EndGlobalSection
	GlobalSection(ExtensibilityGlobals) = postSolution
		SolutionGuid = {2D34D791-71D5-4390-881C-0BA4AD60DDD4}
	EndGlobalSection
EndGlobal
